
Microsoft Visual Studio Solution File, Format Version 12.00
# Visual Studio Version 16
VisualStudioVersion = 16.0.30717.126
MinimumVisualStudioVersion = 10.0.40219.1
Project("{FAE04EC0-301F-11D3-BF4B-00C04F79EFBC}") = "WinCinoche", "WinCinoche\WinCinoche.csproj", "{A59FAAC7-9054-4FF8-9033-797E994A9576}"
EndProject
Global
	GlobalSection(SolutionConfigurationPlatforms) = preSolution
		Debug|Any CPU = Debug|Any CPU
		Release|Any CPU = Release|Any CPU
	EndGlobalSection
	GlobalSection(ProjectConfigurationPlatforms) = postSolution
		{A59FAAC7-9054-4FF8-9033-797E994A9576}.Debug|Any CPU.ActiveCfg = Debug|Any CPU
		{A59FAAC7-9054-4FF8-9033-797E994A9576}.Debug|Any CPU.Build.0 = Debug|Any CPU
		{A59FAAC7-9054-4FF8-9033-797E994A9576}.Release|Any CPU.ActiveCfg = Release|Any CPU
		{A59FAAC7-9054-4FF8-9033-797E994A9576}.Release|Any CPU.Build.0 = Release|Any CPU
	EndGlobalSection
	GlobalSection(SolutionProperties) = preSolution
		HideSolutionNode = FALSE
	EndGlobalSection
	GlobalSection(ExtensibilityGlobals) = postSolution
		SolutionGuid = {70746317-15D0-40C8-B014-5579D5D722B6}
	EndGlobalSection
EndGlobal
